{
  "name": "lists-extra",
  "version": "0.1.8",
  "lockfileVersion": 1,
  "requires": true,
  "dependencies": {
    "iterable-first": {
      "version": "0.1.6",
      "resolved": "https://registry.npmjs.org/iterable-first/-/iterable-first-0.1.6.tgz",
      "integrity": "sha512-D5v4s7vgu9HGfNX5Wh4BmsUNPtE5fbJbT72RE9jnV9BvHz1AQVbdgNHIR05RtoJdiv64JFGoa3QtdQ+oqO0DeA==",
      "dev": true
    },
    "iterable-last": {
      "version": "0.1.7",
      "resolved": "https://registry.npmjs.org/iterable-last/-/iterable-last-0.1.7.tgz",
      "integrity": "sha512-ccBAtLIXj0QzF4Ozs7P4PQAJ3x02ofEkLZUIlEjn9eQVSzlLBi2Jk48HXZiNCS8IfGLDvdBFXstrk+MYKTzG7A==",
      "dev": true
    },
    "iterable-middle": {
      "version": "0.1.4",
      "resolved": "https://registry.npmjs.org/iterable-middle/-/iterable-middle-0.1.4.tgz",
      "integrity": "sha512-p4clQ0wW0ht8a2SfcxKM/wmH9897AVnpLYnrMs5hA3oYrr94n2DXN69t9m1qafo379D0r4LocxKqmODWcBDMGg==",
      "dev": true,
      "requires": {
        "iterable-first": "0.1.6",
        "iterable-last": "0.1.7"
      }
    },
    "iterable-size": {
      "version": "0.1.4",
      "resolved": "https://registry.npmjs.org/iterable-size/-/iterable-size-0.1.4.tgz",
      "integrity": "sha512-jZy9Av30oslfpnYuVunUXI4a6CIBJlyCll1yxQegtj50zW9zqlk+ikKyZeXiK4oE4IYeee2Ye7ZTIXogBfZ+ig==",
      "dev": true
    },
    "lists-concat": {
      "version": "0.1.2",
      "resolved": "https://registry.npmjs.org/lists-concat/-/lists-concat-0.1.2.tgz",
      "integrity": "sha512-DZXBJYg9ojb0D+PekBemUGMOn3NWe+RSiRrW8dZMKO598bt/zhmmdxIxgX5sog/NP65v3vy9/sO9V6Fe1ZcWnQ==",
      "dev": true
    },
    "lists-entries": {
      "version": "0.1.8",
      "resolved": "https://registry.npmjs.org/lists-entries/-/lists-entries-0.1.8.tgz",
      "integrity": "sha512-PVCIQRAO8GT2R1XiNc2at3nlS8xmyMgo3X0W/7xPwDm97hxfuAfdHC6uvBuWzbWBXtOT7BDNVKkxJH/yFeynJQ==",
      "dev": true
    },
    "lists-equal": {
      "version": "0.1.2",
      "resolved": "https://registry.npmjs.org/lists-equal/-/lists-equal-0.1.2.tgz",
      "integrity": "sha512-N3TkF3e5993PkqEaRChxWyhpvXAS/TmuoK3DZ+0SpH3vHOQzDEScF3KdbsyN9noWv9cR+dQivD3BQGS2wp2Cww==",
      "dev": true,
      "requires": {
        "map-fromlists": "0.1.2"
      }
    },
    "lists-every": {
      "version": "0.1.2",
      "resolved": "https://registry.npmjs.org/lists-every/-/lists-every-0.1.2.tgz",
      "integrity": "sha512-eRDlB9h0x5Pk3GxJgR33CqHP0lcecXGIG7ALI9EEEQ2fYo4SBwlqUEDP5RoYSa+c6eQJtaGgXJGHSYS7AkKBIA==",
      "dev": true
    },
    "lists-filter": {
      "version": "0.1.2",
      "resolved": "https://registry.npmjs.org/lists-filter/-/lists-filter-0.1.2.tgz",
      "integrity": "sha512-t1pCSiGFoN8r2sPWy3Fb+RaDnxuEin5ILzHpHVmSt6vJR0OpwVlFgntBnDTc4V+mrrqXYxgOQRCPJktYO2C/eg==",
      "dev": true
    },
    "lists-find": {
      "version": "0.1.2",
      "resolved": "https://registry.npmjs.org/lists-find/-/lists-find-0.1.2.tgz",
      "integrity": "sha512-r0/0dv+FRvHaluYZzhzsSW80SWdyiYZGXmz8FjTKFE3EPWs8NiMLi0zxM8x6vwdxFrK7LYEkpaYdbaeo7/bqUQ==",
      "dev": true
    },
    "lists-findall": {
      "version": "0.1.2",
      "resolved": "https://registry.npmjs.org/lists-findall/-/lists-findall-0.1.2.tgz",
      "integrity": "sha512-UO7Thj465Xrd9fYU3CMA5qwtEjsoTTfKrzdQV1E0IvHBAGo6tVSj9iMQpJ6kIoynu5lA3WxypWpiAwzV+esqKA==",
      "dev": true
    },
    "lists-findallindices": {
      "version": "0.1.2",
      "resolved": "https://registry.npmjs.org/lists-findallindices/-/lists-findallindices-0.1.2.tgz",
      "integrity": "sha512-JUzXcGK/W86dVaH6yEggmVnw5EEUCuFFV8nC8X5fKxewLvVOFQxH246FOjK6XLuQCUvST9Q9HEcozHkoLLM+dw==",
      "dev": true
    },
    "lists-findindex": {
      "version": "0.1.2",
      "resolved": "https://registry.npmjs.org/lists-findindex/-/lists-findindex-0.1.2.tgz",
      "integrity": "sha512-Rb0ttO6NkUYmZHA5b6nfoDd8iQPzBvpUHRyz1vI60hyAK1htTytbguoUkDiEnRO5IQ5VVwpvSPKIeRd0BmV+Cw==",
      "dev": true
    },
    "lists-findlast": {
      "version": "0.1.2",
      "resolved": "https://registry.npmjs.org/lists-findlast/-/lists-findlast-0.1.2.tgz",
      "integrity": "sha512-uvPnn89r5emMqtek92qt+EyyUBQrSMzpPfOPC5hVJgbDIZkpDNewVqECfTlKrKQJjg2xLKF/IfNnRFWsleQ+Iw==",
      "dev": true
    },
    "lists-findlastindex": {
      "version": "0.1.2",
      "resolved": "https://registry.npmjs.org/lists-findlastindex/-/lists-findlastindex-0.1.2.tgz",
      "integrity": "sha512-Ml7Axyv2pYxX83DJHi7I0lbTBTuQaoDkWDcJ6YadXQEvN7afPCVJXuH4c13AjCQqSUxbRIffONTeRoPmqy96NQ==",
      "dev": true
    },
    "lists-first": {
      "version": "0.1.2",
      "resolved": "https://registry.npmjs.org/lists-first/-/lists-first-0.1.2.tgz",
      "integrity": "sha512-cMOvxxlpDZK2xyb0bHpJkjjh+0mzrUkGc00XYcqS0OOh4TEuGcgXAduimteu29zup6j9jwAs7M0gFD2yQwuj0A==",
      "dev": true,
      "requires": {
        "iterable-first": "0.1.6"
      }
    },
    "lists-foreach": {
      "version": "0.1.2",
      "resolved": "https://registry.npmjs.org/lists-foreach/-/lists-foreach-0.1.2.tgz",
      "integrity": "sha512-K8YbvdxaP6kYb2kar4JtckZCoim035c/6Bh+PYnUok7OoKD9kU2pnGW4vEK5iDD6YDGkkol8uA7ND3HxAf2IWg==",
      "dev": true
    },
    "lists-includes": {
      "version": "0.1.2",
      "resolved": "https://registry.npmjs.org/lists-includes/-/lists-includes-0.1.2.tgz",
      "integrity": "sha512-6uUw3JBMgxedoqT+MDxGy9r7gf0tAY1Cw8PMZAW4s4rM62KI4dudi4Q7I4bLnudu4rJ+SjuOoudT+Ynje+53+A==",
      "dev": true
    },
    "lists-indexof": {
      "version": "0.1.2",
      "resolved": "https://registry.npmjs.org/lists-indexof/-/lists-indexof-0.1.2.tgz",
      "integrity": "sha512-LHYfdKyXG0ZHrGKWn8YGyGtDdN08AP1X36GeT4Gzgkk9+aSCB/px6tkHpbaIrtkcOJTFg4QsISz0M+9ovPDjEQ==",
      "dev": true
    },
    "lists-indicesof": {
      "version": "0.1.2",
      "resolved": "https://registry.npmjs.org/lists-indicesof/-/lists-indicesof-0.1.2.tgz",
      "integrity": "sha512-cKvfxu4YvLWS46PHL9ld7Nds2PhjhhTbymwiFjsK1KIFdZWbXjmD0puR0MCZrB8QsgX+FOz5Yju6+pGim3aI/g==",
      "dev": true
    },
    "lists-join": {
      "version": "0.1.3",
      "resolved": "https://registry.npmjs.org/lists-join/-/lists-join-0.1.3.tgz",
      "integrity": "sha512-+F+7LYaNXXGKx3bJqs/Ff4ic9UdnlPKqol/FXMfD0NF6irLSLDPFOE/VHWEyYcM1zfIFXPUkLf5MK1NwVG3YnA==",
      "dev": true
    },
    "lists-keys": {
      "version": "0.1.3",
      "resolved": "https://registry.npmjs.org/lists-keys/-/lists-keys-0.1.3.tgz",
      "integrity": "sha512-plH6v9niUgsIomr3AJ5l1qm6SWRatwvBAkzbtGxZjQnCzMmGhQ4ey8Zozrx2wyomz3yXRVkvF6qMDH3OpE90Pw==",
      "dev": true
    },
    "lists-last": {
      "version": "0.1.2",
      "resolved": "https://registry.npmjs.org/lists-last/-/lists-last-0.1.2.tgz",
      "integrity": "sha512-l5tXibECg5AWhAr9aQ3UvpNq5OMnLSLjDDyQfck8AD5PFEjW5ixRbZ7iWNnYljxCwMnJpDYglIh1ML73No8dNA==",
      "dev": true,
      "requires": {
        "iterable-last": "0.1.7"
      }
    },
    "lists-lastindexof": {
      "version": "0.1.2",
      "resolved": "https://registry.npmjs.org/lists-lastindexof/-/lists-lastindexof-0.1.2.tgz",
      "integrity": "sha512-e28QiuzLhulRoxROedl1E19js3geuSf9cPfNeT5rl8E8T6WmW+6geZpK4yKVJXSXeXAGO4UmPKjFgs1UlGflgA==",
      "dev": true
    },
    "lists-map": {
      "version": "0.1.2",
      "resolved": "https://registry.npmjs.org/lists-map/-/lists-map-0.1.2.tgz",
      "integrity": "sha512-yJi0pdb/sDOiLeOnMuZP3DazmQP7hCMDKJhfDu3Kcm5a54W3rIVnjoEAQJTyoPzAna1DLE6jmlaSMA1h/qSOIg==",
      "dev": true
    },
    "lists-middle": {
      "version": "0.1.2",
      "resolved": "https://registry.npmjs.org/lists-middle/-/lists-middle-0.1.2.tgz",
      "integrity": "sha512-nepelPl4eOBFjlAlUrTJ23ib53U04RP0wEHTIfL7EBSOpW62t6dfo8hALzi1kO/M+fTlV6Kqetm/5ZwCWyIVdQ==",
      "dev": true,
      "requires": {
        "iterable-middle": "0.1.4"
      }
    },
    "lists-reduce": {
      "version": "0.1.2",
      "resolved": "https://registry.npmjs.org/lists-reduce/-/lists-reduce-0.1.2.tgz",
      "integrity": "sha512-cYUodD1RlszR4dv4rJPkYqjXFOhFSW7rAd7/EPp3I6ARpE7crMhPolDsdl4fSNwbp8Bw5sUUQIJRvre9SPlwWQ==",
      "dev": true
    },
    "lists-size": {
      "version": "0.1.2",
      "resolved": "https://registry.npmjs.org/lists-size/-/lists-size-0.1.2.tgz",
      "integrity": "sha512-guEIGQbnLJCu3iuhHbNaJeFq1RWM6H0jyEyb5qJ/XJen/VpXuyKy7RrxpLve6Pk/EjNRXFvRrHyLpHl16rk5qQ==",
      "dev": true,
      "requires": {
        "iterable-size": "0.1.4"
      }
    },
    "lists-some": {
      "version": "0.1.2",
      "resolved": "https://registry.npmjs.org/lists-some/-/lists-some-0.1.2.tgz",
      "integrity": "sha512-604Ote172zCm6GNM60SY4z0icXBuBu4qcgEx1o9xK+mWGSyKVQfltVxZI9Tc1r2MSDQVI4gwS9Mj9zz6Hm5mvg==",
      "dev": true
    },
    "lists-values": {
      "version": "0.1.2",
      "resolved": "https://registry.npmjs.org/lists-values/-/lists-values-0.1.2.tgz",
      "integrity": "sha512-x8De79K4H1ndsQg3ER4DNgIiwMIf7+/1mJJSmxW4d2sJluLyZynsJMjQS5YN1tH9vI7oaOSN9QGvs2QwgAmg8Q==",
      "dev": true
    },
    "map-fromlists": {
      "version": "0.1.2",
      "resolved": "https://registry.npmjs.org/map-fromlists/-/map-fromlists-0.1.2.tgz",
      "integrity": "sha512-Mpsam7GPlIrsv+8FUrxkzu1OTK+TnMRloH+1rzo3mER8lJ+7A01qfCpRrwHZIDVUCIbt7sZK7jqUPOqIAtBlbw==",
      "dev": true
    }
  }
}
