{
  "name": "extra-lists",
  "version": "1.0.4",
  "lockfileVersion": 1,
  "requires": true,
  "dependencies": {
    "@extra-iterable/first": {
      "version": "1.1.0",
      "resolved": "https://registry.npmjs.org/@extra-iterable/first/-/first-1.1.0.tgz",
      "integrity": "sha512-Ksw3mCOqPewY1CgLHJvv8On2mlWhiiquCo6kzbt3AFXoYZKOir/JUrReE5wvt9GA3XS/Q9hwhEimCrXRNe0txg==",
      "dev": true
    },
    "@extra-iterable/is": {
      "version": "1.1.0",
      "resolved": "https://registry.npmjs.org/@extra-iterable/is/-/is-1.1.0.tgz",
      "integrity": "sha512-B6tGITUUfChsFPrzz3zPG0xSyZJeOyTe7Q5L/0WXjgeVemPZ3nrSuawH2FZYndlCRyyjv1NoAekcwssg3nKc4Q==",
      "dev": true
    },
    "@extra-iterable/last": {
      "version": "1.1.0",
      "resolved": "https://registry.npmjs.org/@extra-iterable/last/-/last-1.1.0.tgz",
      "integrity": "sha512-l8QFRG+EhipTYavpxVBktbOIN3uhm1fujZ/J8sndpmUvWygx2Hw9UugBYW6W0hzuHxhPsXkL35Q3iHyPVWcUZg==",
      "dev": true
    },
    "@extra-iterable/middle": {
      "version": "1.1.0",
      "resolved": "https://registry.npmjs.org/@extra-iterable/middle/-/middle-1.1.0.tgz",
      "integrity": "sha512-YSdZ2s88v+8WvFuI4R9qT65uCK7+WGjpRdmlGZQ7MKkt5A69CY5zdWiLfU7uiWiWx4QcBvcgRZX6JMt7UqNhmA==",
      "dev": true
    },
    "@extra-iterable/size": {
      "version": "1.1.0",
      "resolved": "https://registry.npmjs.org/@extra-iterable/size/-/size-1.1.0.tgz",
      "integrity": "sha512-LshLi4DHBwWwLbVN3g1QoigJCwdpXhIEwmyGFSFxv/SAXnjkofP0FsHgS9FWMGHUEawW6TiK0xlJVpD9/v/bhA==",
      "dev": true
    },
    "@extra-map/from-lists": {
      "version": "1.0.1",
      "resolved": "https://registry.npmjs.org/@extra-map/from-lists/-/from-lists-1.0.1.tgz",
      "integrity": "sha512-kBr67HV66JqU9NfAhfaJZb6V/T5hryQ8JbwHUH0Zqw4DbGH8gZRUaDb/DkQ63brXk9cJYDdRMUQ5zRMJKb88ZA==",
      "dev": true
    }
  }
}
